{
  "name": "MUIT-CODE-CON",
  "lockfileVersion": 3,
  "requires": true,
  "packages": {
    "": {
      "dependencies": {
        "3js": "^1.0.0",
        "three": "^0.167.1",
        "three.js": "^0.77.1"
      }
    },
    "node_modules/3js": {
      "version": "1.0.0",
      "resolved": "https://registry.npmjs.org/3js/-/3js-1.0.0.tgz",
      "integrity": "sha512-yOlJqOfcF9pajjtU6ZCjpAEQWLT84FMbh4Tc5T3uGj9Cx6pkmMwQzzKTGQfCP5Mub6/vhsVk91K4+2agj4S+TA=="
    },
    "node_modules/three": {
      "version": "0.167.1",
      "resolved": "https://registry.npmjs.org/three/-/three-0.167.1.tgz",
      "integrity": "sha512-gYTLJA/UQip6J/tJvl91YYqlZF47+D/kxiWrbTon35ZHlXEN0VOo+Qke2walF1/x92v55H6enomymg4Dak52kw=="
    },
    "node_modules/three.js": {
      "version": "0.77.1",
      "resolved": "https://registry.npmjs.org/three.js/-/three.js-0.77.1.tgz",
      "integrity": "sha512-lVMYlBXhhHlZtsF+cQdev6WCm2fSWs3I+A6Z63j6TBmkVXOYgdo9AUCRemfsw5mllqWx23VubJ5Qt8/uWKQpJA==",
      "dependencies": {
        "three": "0.77.0"
      }
    },
    "node_modules/three.js/node_modules/three": {
      "version": "0.77.0",
      "resolved": "https://registry.npmjs.org/three/-/three-0.77.0.tgz",
      "integrity": "sha512-YWEp8ahs2l+6fAFVbanLVQoSBwVq5jDct3nZdBSHHXb5I/w5oy/LCMAzIOAguKWclRqcjR4W1BeP5QBnftGbpA==",
      "engines": {
        "node": "*"
      }
    }
  }
}
